
Microsoft Visual Studio Solution File, Format Version 12.00
# Visual Studio Version 17
VisualStudioVersion = 17.0.31903.59
MinimumVisualStudioVersion = 10.0.40219.1
Project("{2150E333-8FDC-42A3-9474-1A3956D46DE8}") = "src", "src", "{827E0CD3-B72D-47B6-A68D-7590B98EB39B}"
EndProject
Project("{2150E333-8FDC-42A3-9474-1A3956D46DE8}") = "ingest", "ingest", "{43898F3E-F236-EB70-4633-F7148642AFA7}"
EndProject
Project("{FAE04EC0-301F-11D3-BF4B-00C04F79EFBC}") = "Grimoire.Ingest", "src\ingest\Grimoire.Ingest.csproj", "{8409B40E-B817-432B-992A-18F58E8D9328}"
EndProject
Project("{2150E333-8FDC-42A3-9474-1A3956D46DE8}") = "tasks", "tasks", "{0EAE81AC-B663-21D5-F9F1-5E8A35DD955A}"
EndProject
Project("{FAE04EC0-301F-11D3-BF4B-00C04F79EFBC}") = "Grimoire.Tasks", "src\tasks\Grimoire.Tasks.csproj", "{E48750DE-E553-47EA-9085-164B2050B895}"
EndProject
Project("{2150E333-8FDC-42A3-9474-1A3956D46DE8}") = "dispatch", "dispatch", "{7A99434F-B5AB-68E9-A0B1-0462C3A7D9AA}"
EndProject
Project("{FAE04EC0-301F-11D3-BF4B-00C04F79EFBC}") = "Grimoire.Dispatch", "src\dispatch\Grimoire.Dispatch.csproj", "{A65C4173-5170-4424-B03E-AC34AD01501A}"
EndProject
Project("{2150E333-8FDC-42A3-9474-1A3956D46DE8}") = "wiki", "wiki", "{A20FB834-4A9B-D98A-0748-896271DDB138}"
EndProject
Project("{FAE04EC0-301F-11D3-BF4B-00C04F79EFBC}") = "Grimoire.Wiki", "src\wiki\Grimoire.Wiki.csproj", "{5724E691-DC8C-48B1-B628-704B90B0A898}"
EndProject
Project("{2150E333-8FDC-42A3-9474-1A3956D46DE8}") = "egress", "egress", "{1ED5967A-0D42-9046-A89F-ED887E1D72BE}"
EndProject
Project("{FAE04EC0-301F-11D3-BF4B-00C04F79EFBC}") = "Grimoire.Egress", "src\egress\Grimoire.Egress.csproj", "{C4FA44FF-18B4-4F06-9066-D860BDBB182B}"
EndProject
Project("{2150E333-8FDC-42A3-9474-1A3956D46DE8}") = "hub", "hub", "{FDBA391A-0E4C-DC64-BDD3-C87B14C523DB}"
EndProject
Project("{FAE04EC0-301F-11D3-BF4B-00C04F79EFBC}") = "Grimoire.Hub", "src\hub\Grimoire.Hub.csproj", "{6E4BC00B-FF30-42C7-8017-C80694E8BFAC}"
EndProject
Project("{2150E333-8FDC-42A3-9474-1A3956D46DE8}") = "tests", "tests", "{0AB3BF05-4346-4AA6-1389-037BE0695223}"
EndProject
Project("{2150E333-8FDC-42A3-9474-1A3956D46DE8}") = "architecture", "architecture", "{875CD587-DE2F-08EE-74FB-D6BE4E474EF3}"
EndProject
Project("{FAE04EC0-301F-11D3-BF4B-00C04F79EFBC}") = "Grimoire.Tests.Architecture", "tests\architecture\Grimoire.Tests.Architecture.csproj", "{75A91EF4-7BBF-40B4-B98C-27C0C47152B2}"
EndProject
Project("{2150E333-8FDC-42A3-9474-1A3956D46DE8}") = "deployment", "deployment", "{5A0DE6C7-07AA-9AAA-1A56-6E721FFE2664}"
EndProject
Project("{FAE04EC0-301F-11D3-BF4B-00C04F79EFBC}") = "Grimoire.Tests.Deployment", "tests\deployment\Grimoire.Tests.Deployment.csproj", "{73C0B70D-4C56-422F-A7AD-BE202F946C75}"
EndProject
Project("{2150E333-8FDC-42A3-9474-1A3956D46DE8}") = "dispatch", "dispatch", "{EBAB4DBA-D1F6-5EFC-7BD5-5AF0ACB0144E}"
EndProject
Project("{FAE04EC0-301F-11D3-BF4B-00C04F79EFBC}") = "Grimoire.Tests.Dispatch", "tests\dispatch\Grimoire.Tests.Dispatch.csproj", "{D61369F6-E0C5-4CA7-B0B7-BCFE92D5E15B}"
EndProject
Project("{2150E333-8FDC-42A3-9474-1A3956D46DE8}") = "egress", "egress", "{24993441-6109-E133-69BB-26897B464D9D}"
EndProject
Project("{FAE04EC0-301F-11D3-BF4B-00C04F79EFBC}") = "Grimoire.Tests.Egress", "tests\egress\Grimoire.Tests.Egress.csproj", "{6E5BA01C-60C6-4E80-B837-F68F55C71212}"
EndProject
Project("{2150E333-8FDC-42A3-9474-1A3956D46DE8}") = "hub", "hub", "{519F5332-65B9-7BF2-5B9B-FE288B81FBA3}"
EndProject
Project("{FAE04EC0-301F-11D3-BF4B-00C04F79EFBC}") = "Grimoire.Tests.Hub", "tests\hub\Grimoire.Tests.Hub.csproj", "{7E1CF0B4-2D0C-464E-A885-D5FF0C236A47}"
EndProject
Project("{2150E333-8FDC-42A3-9474-1A3956D46DE8}") = "ingest", "ingest", "{BDB3EE55-5119-4B68-0F7B-EE87BAF8B89C}"
EndProject
Project("{FAE04EC0-301F-11D3-BF4B-00C04F79EFBC}") = "Grimoire.Tests.Ingest", "tests\ingest\Grimoire.Tests.Ingest.csproj", "{13B37DDA-B15F-4429-91F0-0493A5720AF5}"
EndProject
Project("{2150E333-8FDC-42A3-9474-1A3956D46DE8}") = "tasks", "tasks", "{4D58821D-C869-7D40-4677-33684D2D3147}"
EndProject
Project("{FAE04EC0-301F-11D3-BF4B-00C04F79EFBC}") = "Grimoire.Tests.Tasks", "tests\tasks\Grimoire.Tests.Tasks.csproj", "{2D504CEC-21A3-4CFF-9194-17BFE5BCFDED}"
EndProject
Project("{2150E333-8FDC-42A3-9474-1A3956D46DE8}") = "wiki", "wiki", "{DAB27F53-9919-C292-DD47-BD7A04E1A01D}"
EndProject
Project("{FAE04EC0-301F-11D3-BF4B-00C04F79EFBC}") = "Grimoire.Tests.Wiki", "tests\wiki\Grimoire.Tests.Wiki.csproj", "{E3AFB516-4625-4AC5-B092-5161967E2364}"
EndProject
Global
	GlobalSection(SolutionConfigurationPlatforms) = preSolution
		Debug|Any CPU = Debug|Any CPU
		Debug|x64 = Debug|x64
		Debug|x86 = Debug|x86
		Release|Any CPU = Release|Any CPU
		Release|x64 = Release|x64
		Release|x86 = Release|x86
	EndGlobalSection
	GlobalSection(ProjectConfigurationPlatforms) = postSolution
		{8409B40E-B817-432B-992A-18F58E8D9328}.Debug|Any CPU.ActiveCfg = Debug|Any CPU
		{8409B40E-B817-432B-992A-18F58E8D9328}.Debug|Any CPU.Build.0 = Debug|Any CPU
		{8409B40E-B817-432B-992A-18F58E8D9328}.Debug|x64.ActiveCfg = Debug|Any CPU
		{8409B40E-B817-432B-992A-18F58E8D9328}.Debug|x64.Build.0 = Debug|Any CPU
		{8409B40E-B817-432B-992A-18F58E8D9328}.Debug|x86.ActiveCfg = Debug|Any CPU
		{8409B40E-B817-432B-992A-18F58E8D9328}.Debug|x86.Build.0 = Debug|Any CPU
		{8409B40E-B817-432B-992A-18F58E8D9328}.Release|Any CPU.ActiveCfg = Release|Any CPU
		{8409B40E-B817-432B-992A-18F58E8D9328}.Release|Any CPU.Build.0 = Release|Any CPU
		{8409B40E-B817-432B-992A-18F58E8D9328}.Release|x64.ActiveCfg = Release|Any CPU
		{8409B40E-B817-432B-992A-18F58E8D9328}.Release|x64.Build.0 = Release|Any CPU
		{8409B40E-B817-432B-992A-18F58E8D9328}.Release|x86.ActiveCfg = Release|Any CPU
		{8409B40E-B817-432B-992A-18F58E8D9328}.Release|x86.Build.0 = Release|Any CPU
		{E48750DE-E553-47EA-9085-164B2050B895}.Debug|Any CPU.ActiveCfg = Debug|Any CPU
		{E48750DE-E553-47EA-9085-164B2050B895}.Debug|Any CPU.Build.0 = Debug|Any CPU
		{E48750DE-E553-47EA-9085-164B2050B895}.Debug|x64.ActiveCfg = Debug|Any CPU
		{E48750DE-E553-47EA-9085-164B2050B895}.Debug|x64.Build.0 = Debug|Any CPU
		{E48750DE-E553-47EA-9085-164B2050B895}.Debug|x86.ActiveCfg = Debug|Any CPU
		{E48750DE-E553-47EA-9085-164B2050B895}.Debug|x86.Build.0 = Debug|Any CPU
		{E48750DE-E553-47EA-9085-164B2050B895}.Release|Any CPU.ActiveCfg = Release|Any CPU
		{E48750DE-E553-47EA-9085-164B2050B895}.Release|Any CPU.Build.0 = Release|Any CPU
		{E48750DE-E553-47EA-9085-164B2050B895}.Release|x64.ActiveCfg = Release|Any CPU
		{E48750DE-E553-47EA-9085-164B2050B895}.Release|x64.Build.0 = Release|Any CPU
		{E48750DE-E553-47EA-9085-164B2050B895}.Release|x86.ActiveCfg = Release|Any CPU
		{E48750DE-E553-47EA-9085-164B2050B895}.Release|x86.Build.0 = Release|Any CPU
		{A65C4173-5170-4424-B03E-AC34AD01501A}.Debug|Any CPU.ActiveCfg = Debug|Any CPU
		{A65C4173-5170-4424-B03E-AC34AD01501A}.Debug|Any CPU.Build.0 = Debug|Any CPU
		{A65C4173-5170-4424-B03E-AC34AD01501A}.Debug|x64.ActiveCfg = Debug|Any CPU
		{A65C4173-5170-4424-B03E-AC34AD01501A}.Debug|x64.Build.0 = Debug|Any CPU
		{A65C4173-5170-4424-B03E-AC34AD01501A}.Debug|x86.ActiveCfg = Debug|Any CPU
		{A65C4173-5170-4424-B03E-AC34AD01501A}.Debug|x86.Build.0 = Debug|Any CPU
		{A65C4173-5170-4424-B03E-AC34AD01501A}.Release|Any CPU.ActiveCfg = Release|Any CPU
		{A65C4173-5170-4424-B03E-AC34AD01501A}.Release|Any CPU.Build.0 = Release|Any CPU
		{A65C4173-5170-4424-B03E-AC34AD01501A}.Release|x64.ActiveCfg = Release|Any CPU
		{A65C4173-5170-4424-B03E-AC34AD01501A}.Release|x64.Build.0 = Release|Any CPU
		{A65C4173-5170-4424-B03E-AC34AD01501A}.Release|x86.ActiveCfg = Release|Any CPU
		{A65C4173-5170-4424-B03E-AC34AD01501A}.Release|x86.Build.0 = Release|Any CPU
		{5724E691-DC8C-48B1-B628-704B90B0A898}.Debug|Any CPU.ActiveCfg = Debug|Any CPU
		{5724E691-DC8C-48B1-B628-704B90B0A898}.Debug|Any CPU.Build.0 = Debug|Any CPU
		{5724E691-DC8C-48B1-B628-704B90B0A898}.Debug|x64.ActiveCfg = Debug|Any CPU
		{5724E691-DC8C-48B1-B628-704B90B0A898}.Debug|x64.Build.0 = Debug|Any CPU
		{5724E691-DC8C-48B1-B628-704B90B0A898}.Debug|x86.ActiveCfg = Debug|Any CPU
		{5724E691-DC8C-48B1-B628-704B90B0A898}.Debug|x86.Build.0 = Debug|Any CPU
		{5724E691-DC8C-48B1-B628-704B90B0A898}.Release|Any CPU.ActiveCfg = Release|Any CPU
		{5724E691-DC8C-48B1-B628-704B90B0A898}.Release|Any CPU.Build.0 = Release|Any CPU
		{5724E691-DC8C-48B1-B628-704B90B0A898}.Release|x64.ActiveCfg = Release|Any CPU
		{5724E691-DC8C-48B1-B628-704B90B0A898}.Release|x64.Build.0 = Release|Any CPU
		{5724E691-DC8C-48B1-B628-704B90B0A898}.Release|x86.ActiveCfg = Release|Any CPU
		{5724E691-DC8C-48B1-B628-704B90B0A898}.Release|x86.Build.0 = Release|Any CPU
		{C4FA44FF-18B4-4F06-9066-D860BDBB182B}.Debug|Any CPU.ActiveCfg = Debug|Any CPU
		{C4FA44FF-18B4-4F06-9066-D860BDBB182B}.Debug|Any CPU.Build.0 = Debug|Any CPU
		{C4FA44FF-18B4-4F06-9066-D860BDBB182B}.Debug|x64.ActiveCfg = Debug|Any CPU
		{C4FA44FF-18B4-4F06-9066-D860BDBB182B}.Debug|x64.Build.0 = Debug|Any CPU
		{C4FA44FF-18B4-4F06-9066-D860BDBB182B}.Debug|x86.ActiveCfg = Debug|Any CPU
		{C4FA44FF-18B4-4F06-9066-D860BDBB182B}.Debug|x86.Build.0 = Debug|Any CPU
		{C4FA44FF-18B4-4F06-9066-D860BDBB182B}.Release|Any CPU.ActiveCfg = Release|Any CPU
		{C4FA44FF-18B4-4F06-9066-D860BDBB182B}.Release|Any CPU.Build.0 = Release|Any CPU
		{C4FA44FF-18B4-4F06-9066-D860BDBB182B}.Release|x64.ActiveCfg = Release|Any CPU
		{C4FA44FF-18B4-4F06-9066-D860BDBB182B}.Release|x64.Build.0 = Release|Any CPU
		{C4FA44FF-18B4-4F06-9066-D860BDBB182B}.Release|x86.ActiveCfg = Release|Any CPU
		{C4FA44FF-18B4-4F06-9066-D860BDBB182B}.Release|x86.Build.0 = Release|Any CPU
		{6E4BC00B-FF30-42C7-8017-C80694E8BFAC}.Debug|Any CPU.ActiveCfg = Debug|Any CPU
		{6E4BC00B-FF30-42C7-8017-C80694E8BFAC}.Debug|Any CPU.Build.0 = Debug|Any CPU
		{6E4BC00B-FF30-42C7-8017-C80694E8BFAC}.Debug|x64.ActiveCfg = Debug|Any CPU
		{6E4BC00B-FF30-42C7-8017-C80694E8BFAC}.Debug|x64.Build.0 = Debug|Any CPU
		{6E4BC00B-FF30-42C7-8017-C80694E8BFAC}.Debug|x86.ActiveCfg = Debug|Any CPU
		{6E4BC00B-FF30-42C7-8017-C80694E8BFAC}.Debug|x86.Build.0 = Debug|Any CPU
		{6E4BC00B-FF30-42C7-8017-C80694E8BFAC}.Release|Any CPU.ActiveCfg = Release|Any CPU
		{6E4BC00B-FF30-42C7-8017-C80694E8BFAC}.Release|Any CPU.Build.0 = Release|Any CPU
		{6E4BC00B-FF30-42C7-8017-C80694E8BFAC}.Release|x64.ActiveCfg = Release|Any CPU
		{6E4BC00B-FF30-42C7-8017-C80694E8BFAC}.Release|x64.Build.0 = Release|Any CPU
		{6E4BC00B-FF30-42C7-8017-C80694E8BFAC}.Release|x86.ActiveCfg = Release|Any CPU
		{6E4BC00B-FF30-42C7-8017-C80694E8BFAC}.Release|x86.Build.0 = Release|Any CPU
		{75A91EF4-7BBF-40B4-B98C-27C0C47152B2}.Debug|Any CPU.ActiveCfg = Debug|Any CPU
		{75A91EF4-7BBF-40B4-B98C-27C0C47152B2}.Debug|Any CPU.Build.0 = Debug|Any CPU
		{75A91EF4-7BBF-40B4-B98C-27C0C47152B2}.Debug|x64.ActiveCfg = Debug|Any CPU
		{75A91EF4-7BBF-40B4-B98C-27C0C47152B2}.Debug|x64.Build.0 = Debug|Any CPU
		{75A91EF4-7BBF-40B4-B98C-27C0C47152B2}.Debug|x86.ActiveCfg = Debug|Any CPU
		{75A91EF4-7BBF-40B4-B98C-27C0C47152B2}.Debug|x86.Build.0 = Debug|Any CPU
		{75A91EF4-7BBF-40B4-B98C-27C0C47152B2}.Release|Any CPU.ActiveCfg = Release|Any CPU
		{75A91EF4-7BBF-40B4-B98C-27C0C47152B2}.Release|Any CPU.Build.0 = Release|Any CPU
		{75A91EF4-7BBF-40B4-B98C-27C0C47152B2}.Release|x64.ActiveCfg = Release|Any CPU
		{75A91EF4-7BBF-40B4-B98C-27C0C47152B2}.Release|x64.Build.0 = Release|Any CPU
		{75A91EF4-7BBF-40B4-B98C-27C0C47152B2}.Release|x86.ActiveCfg = Release|Any CPU
		{75A91EF4-7BBF-40B4-B98C-27C0C47152B2}.Release|x86.Build.0 = Release|Any CPU
		{73C0B70D-4C56-422F-A7AD-BE202F946C75}.Debug|Any CPU.ActiveCfg = Debug|Any CPU
		{73C0B70D-4C56-422F-A7AD-BE202F946C75}.Debug|Any CPU.Build.0 = Debug|Any CPU
		{73C0B70D-4C56-422F-A7AD-BE202F946C75}.Debug|x64.ActiveCfg = Debug|Any CPU
		{73C0B70D-4C56-422F-A7AD-BE202F946C75}.Debug|x64.Build.0 = Debug|Any CPU
		{73C0B70D-4C56-422F-A7AD-BE202F946C75}.Debug|x86.ActiveCfg = Debug|Any CPU
		{73C0B70D-4C56-422F-A7AD-BE202F946C75}.Debug|x86.Build.0 = Debug|Any CPU
		{73C0B70D-4C56-422F-A7AD-BE202F946C75}.Release|Any CPU.ActiveCfg = Release|Any CPU
		{73C0B70D-4C56-422F-A7AD-BE202F946C75}.Release|Any CPU.Build.0 = Release|Any CPU
		{73C0B70D-4C56-422F-A7AD-BE202F946C75}.Release|x64.ActiveCfg = Release|Any CPU
		{73C0B70D-4C56-422F-A7AD-BE202F946C75}.Release|x64.Build.0 = Release|Any CPU
		{73C0B70D-4C56-422F-A7AD-BE202F946C75}.Release|x86.ActiveCfg = Release|Any CPU
		{73C0B70D-4C56-422F-A7AD-BE202F946C75}.Release|x86.Build.0 = Release|Any CPU
		{D61369F6-E0C5-4CA7-B0B7-BCFE92D5E15B}.Debug|Any CPU.ActiveCfg = Debug|Any CPU
		{D61369F6-E0C5-4CA7-B0B7-BCFE92D5E15B}.Debug|Any CPU.Build.0 = Debug|Any CPU
		{D61369F6-E0C5-4CA7-B0B7-BCFE92D5E15B}.Debug|x64.ActiveCfg = Debug|Any CPU
		{D61369F6-E0C5-4CA7-B0B7-BCFE92D5E15B}.Debug|x64.Build.0 = Debug|Any CPU
		{D61369F6-E0C5-4CA7-B0B7-BCFE92D5E15B}.Debug|x86.ActiveCfg = Debug|Any CPU
		{D61369F6-E0C5-4CA7-B0B7-BCFE92D5E15B}.Debug|x86.Build.0 = Debug|Any CPU
		{D61369F6-E0C5-4CA7-B0B7-BCFE92D5E15B}.Release|Any CPU.ActiveCfg = Release|Any CPU
		{D61369F6-E0C5-4CA7-B0B7-BCFE92D5E15B}.Release|Any CPU.Build.0 = Release|Any CPU
		{D61369F6-E0C5-4CA7-B0B7-BCFE92D5E15B}.Release|x64.ActiveCfg = Release|Any CPU
		{D61369F6-E0C5-4CA7-B0B7-BCFE92D5E15B}.Release|x64.Build.0 = Release|Any CPU
		{D61369F6-E0C5-4CA7-B0B7-BCFE92D5E15B}.Release|x86.ActiveCfg = Release|Any CPU
		{D61369F6-E0C5-4CA7-B0B7-BCFE92D5E15B}.Release|x86.Build.0 = Release|Any CPU
		{6E5BA01C-60C6-4E80-B837-F68F55C71212}.Debug|Any CPU.ActiveCfg = Debug|Any CPU
		{6E5BA01C-60C6-4E80-B837-F68F55C71212}.Debug|Any CPU.Build.0 = Debug|Any CPU
		{6E5BA01C-60C6-4E80-B837-F68F55C71212}.Debug|x64.ActiveCfg = Debug|Any CPU
		{6E5BA01C-60C6-4E80-B837-F68F55C71212}.Debug|x64.Build.0 = Debug|Any CPU
		{6E5BA01C-60C6-4E80-B837-F68F55C71212}.Debug|x86.ActiveCfg = Debug|Any CPU
		{6E5BA01C-60C6-4E80-B837-F68F55C71212}.Debug|x86.Build.0 = Debug|Any CPU
		{6E5BA01C-60C6-4E80-B837-F68F55C71212}.Release|Any CPU.ActiveCfg = Release|Any CPU
		{6E5BA01C-60C6-4E80-B837-F68F55C71212}.Release|Any CPU.Build.0 = Release|Any CPU
		{6E5BA01C-60C6-4E80-B837-F68F55C71212}.Release|x64.ActiveCfg = Release|Any CPU
		{6E5BA01C-60C6-4E80-B837-F68F55C71212}.Release|x64.Build.0 = Release|Any CPU
		{6E5BA01C-60C6-4E80-B837-F68F55C71212}.Release|x86.ActiveCfg = Release|Any CPU
		{6E5BA01C-60C6-4E80-B837-F68F55C71212}.Release|x86.Build.0 = Release|Any CPU
		{7E1CF0B4-2D0C-464E-A885-D5FF0C236A47}.Debug|Any CPU.ActiveCfg = Debug|Any CPU
		{7E1CF0B4-2D0C-464E-A885-D5FF0C236A47}.Debug|Any CPU.Build.0 = Debug|Any CPU
		{7E1CF0B4-2D0C-464E-A885-D5FF0C236A47}.Debug|x64.ActiveCfg = Debug|Any CPU
		{7E1CF0B4-2D0C-464E-A885-D5FF0C236A47}.Debug|x64.Build.0 = Debug|Any CPU
		{7E1CF0B4-2D0C-464E-A885-D5FF0C236A47}.Debug|x86.ActiveCfg = Debug|Any CPU
		{7E1CF0B4-2D0C-464E-A885-D5FF0C236A47}.Debug|x86.Build.0 = Debug|Any CPU
		{7E1CF0B4-2D0C-464E-A885-D5FF0C236A47}.Release|Any CPU.ActiveCfg = Release|Any CPU
		{7E1CF0B4-2D0C-464E-A885-D5FF0C236A47}.Release|Any CPU.Build.0 = Release|Any CPU
		{7E1CF0B4-2D0C-464E-A885-D5FF0C236A47}.Release|x64.ActiveCfg = Release|Any CPU
		{7E1CF0B4-2D0C-464E-A885-D5FF0C236A47}.Release|x64.Build.0 = Release|Any CPU
		{7E1CF0B4-2D0C-464E-A885-D5FF0C236A47}.Release|x86.ActiveCfg = Release|Any CPU
		{7E1CF0B4-2D0C-464E-A885-D5FF0C236A47}.Release|x86.Build.0 = Release|Any CPU
		{13B37DDA-B15F-4429-91F0-0493A5720AF5}.Debug|Any CPU.ActiveCfg = Debug|Any CPU
		{13B37DDA-B15F-4429-91F0-0493A5720AF5}.Debug|Any CPU.Build.0 = Debug|Any CPU
		{13B37DDA-B15F-4429-91F0-0493A5720AF5}.Debug|x64.ActiveCfg = Debug|Any CPU
		{13B37DDA-B15F-4429-91F0-0493A5720AF5}.Debug|x64.Build.0 = Debug|Any CPU
		{13B37DDA-B15F-4429-91F0-0493A5720AF5}.Debug|x86.ActiveCfg = Debug|Any CPU
		{13B37DDA-B15F-4429-91F0-0493A5720AF5}.Debug|x86.Build.0 = Debug|Any CPU
		{13B37DDA-B15F-4429-91F0-0493A5720AF5}.Release|Any CPU.ActiveCfg = Release|Any CPU
		{13B37DDA-B15F-4429-91F0-0493A5720AF5}.Release|Any CPU.Build.0 = Release|Any CPU
		{13B37DDA-B15F-4429-91F0-0493A5720AF5}.Release|x64.ActiveCfg = Release|Any CPU
		{13B37DDA-B15F-4429-91F0-0493A5720AF5}.Release|x64.Build.0 = Release|Any CPU
		{13B37DDA-B15F-4429-91F0-0493A5720AF5}.Release|x86.ActiveCfg = Release|Any CPU
		{13B37DDA-B15F-4429-91F0-0493A5720AF5}.Release|x86.Build.0 = Release|Any CPU
		{2D504CEC-21A3-4CFF-9194-17BFE5BCFDED}.Debug|Any CPU.ActiveCfg = Debug|Any CPU
		{2D504CEC-21A3-4CFF-9194-17BFE5BCFDED}.Debug|Any CPU.Build.0 = Debug|Any CPU
		{2D504CEC-21A3-4CFF-9194-17BFE5BCFDED}.Debug|x64.ActiveCfg = Debug|Any CPU
		{2D504CEC-21A3-4CFF-9194-17BFE5BCFDED}.Debug|x64.Build.0 = Debug|Any CPU
		{2D504CEC-21A3-4CFF-9194-17BFE5BCFDED}.Debug|x86.ActiveCfg = Debug|Any CPU
		{2D504CEC-21A3-4CFF-9194-17BFE5BCFDED}.Debug|x86.Build.0 = Debug|Any CPU
		{2D504CEC-21A3-4CFF-9194-17BFE5BCFDED}.Release|Any CPU.ActiveCfg = Release|Any CPU
		{2D504CEC-21A3-4CFF-9194-17BFE5BCFDED}.Release|Any CPU.Build.0 = Release|Any CPU
		{2D504CEC-21A3-4CFF-9194-17BFE5BCFDED}.Release|x64.ActiveCfg = Release|Any CPU
		{2D504CEC-21A3-4CFF-9194-17BFE5BCFDED}.Release|x64.Build.0 = Release|Any CPU
		{2D504CEC-21A3-4CFF-9194-17BFE5BCFDED}.Release|x86.ActiveCfg = Release|Any CPU
		{2D504CEC-21A3-4CFF-9194-17BFE5BCFDED}.Release|x86.Build.0 = Release|Any CPU
		{E3AFB516-4625-4AC5-B092-5161967E2364}.Debug|Any CPU.ActiveCfg = Debug|Any CPU
		{E3AFB516-4625-4AC5-B092-5161967E2364}.Debug|Any CPU.Build.0 = Debug|Any CPU
		{E3AFB516-4625-4AC5-B092-5161967E2364}.Debug|x64.ActiveCfg = Debug|Any CPU
		{E3AFB516-4625-4AC5-B092-5161967E2364}.Debug|x64.Build.0 = Debug|Any CPU
		{E3AFB516-4625-4AC5-B092-5161967E2364}.Debug|x86.ActiveCfg = Debug|Any CPU
		{E3AFB516-4625-4AC5-B092-5161967E2364}.Debug|x86.Build.0 = Debug|Any CPU
		{E3AFB516-4625-4AC5-B092-5161967E2364}.Release|Any CPU.ActiveCfg = Release|Any CPU
		{E3AFB516-4625-4AC5-B092-5161967E2364}.Release|Any CPU.Build.0 = Release|Any CPU
		{E3AFB516-4625-4AC5-B092-5161967E2364}.Release|x64.ActiveCfg = Release|Any CPU
		{E3AFB516-4625-4AC5-B092-5161967E2364}.Release|x64.Build.0 = Release|Any CPU
		{E3AFB516-4625-4AC5-B092-5161967E2364}.Release|x86.ActiveCfg = Release|Any CPU
		{E3AFB516-4625-4AC5-B092-5161967E2364}.Release|x86.Build.0 = Release|Any CPU
	EndGlobalSection
	GlobalSection(SolutionProperties) = preSolution
		HideSolutionNode = FALSE
	EndGlobalSection
	GlobalSection(NestedProjects) = preSolution
		{43898F3E-F236-EB70-4633-F7148642AFA7} = {827E0CD3-B72D-47B6-A68D-7590B98EB39B}
		{8409B40E-B817-432B-992A-18F58E8D9328} = {43898F3E-F236-EB70-4633-F7148642AFA7}
		{0EAE81AC-B663-21D5-F9F1-5E8A35DD955A} = {827E0CD3-B72D-47B6-A68D-7590B98EB39B}
		{E48750DE-E553-47EA-9085-164B2050B895} = {0EAE81AC-B663-21D5-F9F1-5E8A35DD955A}
		{7A99434F-B5AB-68E9-A0B1-0462C3A7D9AA} = {827E0CD3-B72D-47B6-A68D-7590B98EB39B}
		{A65C4173-5170-4424-B03E-AC34AD01501A} = {7A99434F-B5AB-68E9-A0B1-0462C3A7D9AA}
		{A20FB834-4A9B-D98A-0748-896271DDB138} = {827E0CD3-B72D-47B6-A68D-7590B98EB39B}
		{5724E691-DC8C-48B1-B628-704B90B0A898} = {A20FB834-4A9B-D98A-0748-896271DDB138}
		{1ED5967A-0D42-9046-A89F-ED887E1D72BE} = {827E0CD3-B72D-47B6-A68D-7590B98EB39B}
		{C4FA44FF-18B4-4F06-9066-D860BDBB182B} = {1ED5967A-0D42-9046-A89F-ED887E1D72BE}
		{FDBA391A-0E4C-DC64-BDD3-C87B14C523DB} = {827E0CD3-B72D-47B6-A68D-7590B98EB39B}
		{6E4BC00B-FF30-42C7-8017-C80694E8BFAC} = {FDBA391A-0E4C-DC64-BDD3-C87B14C523DB}
		{875CD587-DE2F-08EE-74FB-D6BE4E474EF3} = {0AB3BF05-4346-4AA6-1389-037BE0695223}
		{75A91EF4-7BBF-40B4-B98C-27C0C47152B2} = {875CD587-DE2F-08EE-74FB-D6BE4E474EF3}
		{5A0DE6C7-07AA-9AAA-1A56-6E721FFE2664} = {0AB3BF05-4346-4AA6-1389-037BE0695223}
		{73C0B70D-4C56-422F-A7AD-BE202F946C75} = {5A0DE6C7-07AA-9AAA-1A56-6E721FFE2664}
		{EBAB4DBA-D1F6-5EFC-7BD5-5AF0ACB0144E} = {0AB3BF05-4346-4AA6-1389-037BE0695223}
		{D61369F6-E0C5-4CA7-B0B7-BCFE92D5E15B} = {EBAB4DBA-D1F6-5EFC-7BD5-5AF0ACB0144E}
		{24993441-6109-E133-69BB-26897B464D9D} = {0AB3BF05-4346-4AA6-1389-037BE0695223}
		{6E5BA01C-60C6-4E80-B837-F68F55C71212} = {24993441-6109-E133-69BB-26897B464D9D}
		{519F5332-65B9-7BF2-5B9B-FE288B81FBA3} = {0AB3BF05-4346-4AA6-1389-037BE0695223}
		{7E1CF0B4-2D0C-464E-A885-D5FF0C236A47} = {519F5332-65B9-7BF2-5B9B-FE288B81FBA3}
		{BDB3EE55-5119-4B68-0F7B-EE87BAF8B89C} = {0AB3BF05-4346-4AA6-1389-037BE0695223}
		{13B37DDA-B15F-4429-91F0-0493A5720AF5} = {BDB3EE55-5119-4B68-0F7B-EE87BAF8B89C}
		{4D58821D-C869-7D40-4677-33684D2D3147} = {0AB3BF05-4346-4AA6-1389-037BE0695223}
		{2D504CEC-21A3-4CFF-9194-17BFE5BCFDED} = {4D58821D-C869-7D40-4677-33684D2D3147}
		{DAB27F53-9919-C292-DD47-BD7A04E1A01D} = {0AB3BF05-4346-4AA6-1389-037BE0695223}
		{E3AFB516-4625-4AC5-B092-5161967E2364} = {DAB27F53-9919-C292-DD47-BD7A04E1A01D}
	EndGlobalSection
EndGlobal
